<?xml version="1.0" encoding="utf-8"?>
<Project ToolsVersion="4.0" xmlns="http://schemas.microsoft.com/developer/msbuild/2003">
  <ItemGroup>
    <Filter Include="Main">
      <UniqueIdentifier>{78012845-7718-45f2-bdf1-801e644f5262}</UniqueIdentifier>
    </Filter>
    <Filter Include="Libraries">
      <UniqueIdentifier>{93e97dd3-36cc-4e47-a888-5b8ca7e71333}</UniqueIdentifier>
    </Filter>
    <Filter Include="Structures">
      <UniqueIdentifier>{5584ee66-115f-4008-8f63-1dc6440f7142}</UniqueIdentifier>
    </Filter>
  </ItemGroup>
  <ItemGroup>
    <ClCompile Include="main.cpp">
      <Filter>Main</Filter>
    </ClCompile>
  </ItemGroup>
  <ItemGroup>
    <ClInclude Include="libs.h">
      <Filter>Libraries</Filter>
    </ClInclude>
    <ClInclude Include="structures.h">
      <Filter>Structures</Filter>
    </ClInclude>
  </ItemGroup>
</Project>